
Microsoft Visual Studio Solution File, Format Version 12.00
# Visual Studio Version 17
VisualStudioVersion = 17.0.31903.59
MinimumVisualStudioVersion = 10.0.40219.1
Project("{FAE04EC0-301F-11D3-BF4B-00C04F79EFBC}") = "API", "API\API.csproj", "{006F4570-FEA5-45D1-A6F7-DFAA56A11D8A}"
EndProject
Project("{FAE04EC0-301F-11D3-BF4B-00C04F79EFBC}") = "core", "core\core.csproj", "{1E8042B0-E8D9-4AF3-9BF6-C645F7CA2668}"
EndProject
Project("{FAE04EC0-301F-11D3-BF4B-00C04F79EFBC}") = "Infrastructures", "Infrastructures\Infrastructures.csproj", "{50064560-CAFB-465B-8AC2-3CFD4A820792}"
EndProject
Global
	GlobalSection(SolutionConfigurationPlatforms) = preSolution
		Debug|Any CPU = Debug|Any CPU
		Release|Any CPU = Release|Any CPU
	EndGlobalSection
	GlobalSection(SolutionProperties) = preSolution
		HideSolutionNode = FALSE
	EndGlobalSection
	GlobalSection(ProjectConfigurationPlatforms) = postSolution
		{006F4570-FEA5-45D1-A6F7-DFAA56A11D8A}.Debug|Any CPU.ActiveCfg = Debug|Any CPU
		{006F4570-FEA5-45D1-A6F7-DFAA56A11D8A}.Debug|Any CPU.Build.0 = Debug|Any CPU
		{006F4570-FEA5-45D1-A6F7-DFAA56A11D8A}.Release|Any CPU.ActiveCfg = Release|Any CPU
		{006F4570-FEA5-45D1-A6F7-DFAA56A11D8A}.Release|Any CPU.Build.0 = Release|Any CPU
		{1E8042B0-E8D9-4AF3-9BF6-C645F7CA2668}.Debug|Any CPU.ActiveCfg = Debug|Any CPU
		{1E8042B0-E8D9-4AF3-9BF6-C645F7CA2668}.Debug|Any CPU.Build.0 = Debug|Any CPU
		{1E8042B0-E8D9-4AF3-9BF6-C645F7CA2668}.Release|Any CPU.ActiveCfg = Release|Any CPU
		{1E8042B0-E8D9-4AF3-9BF6-C645F7CA2668}.Release|Any CPU.Build.0 = Release|Any CPU
		{50064560-CAFB-465B-8AC2-3CFD4A820792}.Debug|Any CPU.ActiveCfg = Debug|Any CPU
		{50064560-CAFB-465B-8AC2-3CFD4A820792}.Debug|Any CPU.Build.0 = Debug|Any CPU
		{50064560-CAFB-465B-8AC2-3CFD4A820792}.Release|Any CPU.ActiveCfg = Release|Any CPU
		{50064560-CAFB-465B-8AC2-3CFD4A820792}.Release|Any CPU.Build.0 = Release|Any CPU
	EndGlobalSection
EndGlobal
